
Microsoft Visual Studio Solution File, Format Version 12.00
# Visual Studio Version 17
VisualStudioVersion = 17.2.32630.192
MinimumVisualStudioVersion = 10.0.40219.1
Project("{FAE04EC0-301F-11D3-BF4B-00C04F79EFBC}") = "ora01", "ora01\ora01.csproj", "{0D7E29D3-C4C0-4EE3-AC09-EE87A50192BA}"
EndProject
Global
	GlobalSection(SolutionConfigurationPlatforms) = preSolution
		Debug|Any CPU = Debug|Any CPU
		Release|Any CPU = Release|Any CPU
	EndGlobalSection
	GlobalSection(ProjectConfigurationPlatforms) = postSolution
		{0D7E29D3-C4C0-4EE3-AC09-EE87A50192BA}.Debug|Any CPU.ActiveCfg = Debug|Any CPU
		{0D7E29D3-C4C0-4EE3-AC09-EE87A50192BA}.Debug|Any CPU.Build.0 = Debug|Any CPU
		{0D7E29D3-C4C0-4EE3-AC09-EE87A50192BA}.Release|Any CPU.ActiveCfg = Release|Any CPU
		{0D7E29D3-C4C0-4EE3-AC09-EE87A50192BA}.Release|Any CPU.Build.0 = Release|Any CPU
	EndGlobalSection
	GlobalSection(SolutionProperties) = preSolution
		HideSolutionNode = FALSE
	EndGlobalSection
	GlobalSection(ExtensibilityGlobals) = postSolution
		SolutionGuid = {43F09528-3128-4B52-BC58-93F69002DF8F}
	EndGlobalSection
EndGlobal
